
Microsoft Visual Studio Solution File, Format Version 12.00
# Visual Studio Version 17
VisualStudioVersion = 17.3.32929.385
MinimumVisualStudioVersion = 10.0.40219.1
Project("{FAE04EC0-301F-11D3-BF4B-00C04F79EFBC}") = "Web", "Web\Web.csproj", "{CDB1C69E-A836-4598-A2FE-FD198EE7EB65}"
EndProject
Global
	GlobalSection(SolutionConfigurationPlatforms) = preSolution
		Debug|Any CPU = Debug|Any CPU
		Release|Any CPU = Release|Any CPU
	EndGlobalSection
	GlobalSection(ProjectConfigurationPlatforms) = postSolution
		{CDB1C69E-A836-4598-A2FE-FD198EE7EB65}.Debug|Any CPU.ActiveCfg = Debug|Any CPU
		{CDB1C69E-A836-4598-A2FE-FD198EE7EB65}.Debug|Any CPU.Build.0 = Debug|Any CPU
		{CDB1C69E-A836-4598-A2FE-FD198EE7EB65}.Release|Any CPU.ActiveCfg = Release|Any CPU
		{CDB1C69E-A836-4598-A2FE-FD198EE7EB65}.Release|Any CPU.Build.0 = Release|Any CPU
	EndGlobalSection
	GlobalSection(SolutionProperties) = preSolution
		HideSolutionNode = FALSE
	EndGlobalSection
	GlobalSection(ExtensibilityGlobals) = postSolution
		SolutionGuid = {39C65DA7-2BC2-4184-9B4B-BA2E7E464998}
	EndGlobalSection
EndGlobal
